
Microsoft Visual Studio Solution File, Format Version 12.00
# Visual Studio Version 17
VisualStudioVersion = 17.11.35219.272
MinimumVisualStudioVersion = 10.0.40219.1
Project("{FAE04EC0-301F-11D3-BF4B-00C04F79EFBC}") = "Student Management Api", "Student Management Api\Student Management Api.csproj", "{251027D0-6FA5-43AD-8FB4-89E92030EEEA}"
EndProject
Global
	GlobalSection(SolutionConfigurationPlatforms) = preSolution
		Debug|Any CPU = Debug|Any CPU
		Release|Any CPU = Release|Any CPU
	EndGlobalSection
	GlobalSection(ProjectConfigurationPlatforms) = postSolution
		{251027D0-6FA5-43AD-8FB4-89E92030EEEA}.Debug|Any CPU.ActiveCfg = Debug|Any CPU
		{251027D0-6FA5-43AD-8FB4-89E92030EEEA}.Debug|Any CPU.Build.0 = Debug|Any CPU
		{251027D0-6FA5-43AD-8FB4-89E92030EEEA}.Release|Any CPU.ActiveCfg = Release|Any CPU
		{251027D0-6FA5-43AD-8FB4-89E92030EEEA}.Release|Any CPU.Build.0 = Release|Any CPU
	EndGlobalSection
	GlobalSection(SolutionProperties) = preSolution
		HideSolutionNode = FALSE
	EndGlobalSection
	GlobalSection(ExtensibilityGlobals) = postSolution
		SolutionGuid = {4E7871C3-B2A5-4AC5-8C48-35A2C1A3862D}
	EndGlobalSection
EndGlobal
